
Microsoft Visual Studio Solution File, Format Version 12.00
# Visual Studio Version 16
VisualStudioVersion = 16.0.32126.315
MinimumVisualStudioVersion = 10.0.40219.1
Project("{8BC9CEB8-8B4A-11D0-8D11-00A0C91BC942}") = "MaxHeap", "MaxHeap\MaxHeap.vcxproj", "{799C35D7-0898-4BC7-BA49-9FCCE98C666B}"
EndProject
Global
	GlobalSection(SolutionConfigurationPlatforms) = preSolution
		Debug|x64 = Debug|x64
		Debug|x86 = Debug|x86
		Release|x64 = Release|x64
		Release|x86 = Release|x86
	EndGlobalSection
	GlobalSection(ProjectConfigurationPlatforms) = postSolution
		{799C35D7-0898-4BC7-BA49-9FCCE98C666B}.Debug|x64.ActiveCfg = Debug|x64
		{799C35D7-0898-4BC7-BA49-9FCCE98C666B}.Debug|x64.Build.0 = Debug|x64
		{799C35D7-0898-4BC7-BA49-9FCCE98C666B}.Debug|x86.ActiveCfg = Debug|Win32
		{799C35D7-0898-4BC7-BA49-9FCCE98C666B}.Debug|x86.Build.0 = Debug|Win32
		{799C35D7-0898-4BC7-BA49-9FCCE98C666B}.Release|x64.ActiveCfg = Release|x64
		{799C35D7-0898-4BC7-BA49-9FCCE98C666B}.Release|x64.Build.0 = Release|x64
		{799C35D7-0898-4BC7-BA49-9FCCE98C666B}.Release|x86.ActiveCfg = Release|Win32
		{799C35D7-0898-4BC7-BA49-9FCCE98C666B}.Release|x86.Build.0 = Release|Win32
	EndGlobalSection
	GlobalSection(SolutionProperties) = preSolution
		HideSolutionNode = FALSE
	EndGlobalSection
	GlobalSection(ExtensibilityGlobals) = postSolution
		SolutionGuid = {604E6D3E-3328-4068-A820-7FE56A036119}
	EndGlobalSection
EndGlobal
